
Microsoft Visual Studio Solution File, Format Version 12.00
# Visual Studio Version 17
VisualStudioVersion = 17.6.33815.320
MinimumVisualStudioVersion = 10.0.40219.1
Project("{FAE04EC0-301F-11D3-BF4B-00C04F79EFBC}") = "CorsairMessengerServer", "CorsairMessengerServer\CorsairMessengerServer.csproj", "{530E4379-087E-4386-99C3-BC13203A22BE}"
EndProject
Global
	GlobalSection(SolutionConfigurationPlatforms) = preSolution
		Debug|Any CPU = Debug|Any CPU
		Release|Any CPU = Release|Any CPU
	EndGlobalSection
	GlobalSection(ProjectConfigurationPlatforms) = postSolution
		{530E4379-087E-4386-99C3-BC13203A22BE}.Debug|Any CPU.ActiveCfg = Debug|Any CPU
		{530E4379-087E-4386-99C3-BC13203A22BE}.Debug|Any CPU.Build.0 = Debug|Any CPU
		{530E4379-087E-4386-99C3-BC13203A22BE}.Release|Any CPU.ActiveCfg = Release|Any CPU
		{530E4379-087E-4386-99C3-BC13203A22BE}.Release|Any CPU.Build.0 = Release|Any CPU
	EndGlobalSection
	GlobalSection(SolutionProperties) = preSolution
		HideSolutionNode = FALSE
	EndGlobalSection
	GlobalSection(ExtensibilityGlobals) = postSolution
		SolutionGuid = {4AEEF733-77A7-4DDE-854D-1106285924F8}
	EndGlobalSection
EndGlobal
